PODS:
  - Alamofire (4.6.0)
  - ReactiveCocoa (2.5):
    - ReactiveCocoa/UI (= 2.5)
  - ReactiveCocoa/Core (2.5):
    - ReactiveCocoa/no-arc
  - ReactiveCocoa/no-arc (2.5)
  - ReactiveCocoa/UI (2.5):
    - ReactiveCocoa/Core
  - SnapKit (4.0.0)
  - SpinKit (1.2.0)
  - SwiftSocket (2.0.1)

DEPENDENCIES:
  - Alamofire (= 4.6.0)
  - ReactiveCocoa (= 2.5)
  - SnapKit (= 4.0.0)
  - SpinKit (~> 1.2)
  - SwiftSocket (= 2.0.1)

SPEC CHECKSUMS:
  Alamofire: f41a599bd63041760b26d393ec1069d9d7b917f4
  ReactiveCocoa: e2db045570aa97c695e7aa97c2bcab222ae51f4a
  SnapKit: a42d492c16e80209130a3379f73596c3454b7694
  SpinKit: 65906a8b534a4e14cbfd3f8b0b6c329131faef4a
  SwiftSocket: 2d814afdc97c89217982f86fd036c1874134a63f

PODFILE CHECKSUM: 5bbb32d303b6935819123229c321f142234ae501

COCOAPODS: 1.4.0
