// !$*UTF8*$!
{
	archiveVersion = 1;
	classes = {
	};
	objectVersion = 46;
	objects = {

/* Begin PBXBuildFile section */
		32350FC21E36936200AEB1C1 /* AppDelegate.swift in Sources */ = {isa = PBXBuildFile; fileRef = 32350FC11E36936200AEB1C1 /* AppDelegate.swift */; };
		32350FC91E36936200AEB1C1 /* Assets.xcassets in Resources */ = {isa = PBXBuildFile; fileRef = 32350FC81E36936200AEB1C1 /* Assets.xcassets */; };
		32350FCC1E36936200AEB1C1 /* LaunchScreen.storyboard in Resources */ = {isa = PBXBuildFile; fileRef = 32350FCA1E36936200AEB1C1 /* LaunchScreen.storyboard */; };
		32350FD71E36936200AEB1C1 /* LANScanTests.swift in Sources */ = {isa = PBXBuildFile; fileRef = 32350FD61E36936200AEB1C1 /* LANScanTests.swift */; };
		32350FE31E3694A200AEB1C1 /* MainViewController.swift in Sources */ = {isa = PBXBuildFile; fileRef = 32350FE11E3694A200AEB1C1 /* MainViewController.swift */; };
		32350FE41E3694A200AEB1C1 /* ScanViewController.swift in Sources */ = {isa = PBXBuildFile; fileRef = 32350FE21E3694A200AEB1C1 /* ScanViewController.swift */; };
		32350FE81E3694DD00AEB1C1 /* ScanView.swift in Sources */ = {isa = PBXBuildFile; fileRef = 32350FE51E3694DD00AEB1C1 /* ScanView.swift */; };
		32350FE91E3694DD00AEB1C1 /* TopView.swift in Sources */ = {isa = PBXBuildFile; fileRef = 32350FE61E3694DD00AEB1C1 /* TopView.swift */; };
		32350FEA1E3694DD00AEB1C1 /* HostCell.swift in Sources */ = {isa = PBXBuildFile; fileRef = 32350FE71E3694DD00AEB1C1 /* HostCell.swift */; };
/* End PBXBuildFile section */

/* Begin PBXContainerItemProxy section */
		32350FD31E36936200AEB1C1 /* PBXContainerItemProxy */ = {
			isa = PBXContainerItemProxy;
			containerPortal = 32350FB61E36936200AEB1C1 /* Project object */;
			proxyType = 1;
			remoteGlobalIDString = 32350FBD1E36936200AEB1C1;
			remoteInfo = LANScan;
		};
/* End PBXContainerItemProxy section */

/* Begin PBXFileReference section */
		32350FBE1E36936200AEB1C1 /* LANScan.app */ = {isa = PBXFileReference; explicitFileType = wrapper.application; includeInIndex = 0; path = LANScan.app; sourceTree = BUILT_PRODUCTS_DIR; };
		32350FC11E36936200AEB1C1 /* AppDelegate.swift */ = {isa = PBXFileReference; lastKnownFileType = sourcecode.swift; path = AppDelegate.swift; sourceTree = "<group>"; };
		32350FC81E36936200AEB1C1 /* Assets.xcassets */ = {isa = PBXFileReference; lastKnownFileType = folder.assetcatalog; path = Assets.xcassets; sourceTree = "<group>"; };
		32350FCB1E36936200AEB1C1 /* Base */ = {isa = PBXFileReference; lastKnownFileType = file.storyboard; name = Base; path = Base.lproj/LaunchScreen.storyboard; sourceTree = "<group>"; };
		32350FCD1E36936200AEB1C1 /* Info.plist */ = {isa = PBXFileReference; lastKnownFileType = text.plist.xml; path = Info.plist; sourceTree = "<group>"; };
		32350FD21E36936200AEB1C1 /* LANScanTests.xctest */ = {isa = PBXFileReference; explicitFileType = wrapper.cfbundle; includeInIndex = 0; path = LANScanTests.xctest; sourceTree = BUILT_PRODUCTS_DIR; };
		32350FD61E36936200AEB1C1 /* LANScanTests.swift */ = {isa = PBXFileReference; lastKnownFileType = sourcecode.swift; path = LANScanTests.swift; sourceTree = "<group>"; };
		32350FD81E36936200AEB1C1 /* Info.plist */ = {isa = PBXFileReference; lastKnownFileType = text.plist.xml; path = Info.plist; sourceTree = "<group>"; };
		32350FE11E3694A200AEB1C1 /* MainViewController.swift */ = {isa = PBXFileReference; fileEncoding = 4; lastKnownFileType = sourcecode.swift; path = MainViewController.swift; sourceTree = "<group>"; };
		32350FE21E3694A200AEB1C1 /* ScanViewController.swift */ = {isa = PBXFileReference; fileEncoding = 4; lastKnownFileType = sourcecode.swift; path = ScanViewController.swift; sourceTree = "<group>"; };
		32350FE51E3694DD00AEB1C1 /* ScanView.swift */ = {isa = PBXFileReference; fileEncoding = 4; lastKnownFileType = sourcecode.swift; path = ScanView.swift; sourceTree = "<group>"; };
		32350FE61E3694DD00AEB1C1 /* TopView.swift */ = {isa = PBXFileReference; fileEncoding = 4; lastKnownFileType = sourcecode.swift; path = TopView.swift; sourceTree = "<group>"; };
		32350FE71E3694DD00AEB1C1 /* HostCell.swift */ = {isa = PBXFileReference; fileEncoding = 4; lastKnownFileType = sourcecode.swift; path = HostCell.swift; sourceTree = "<group>"; };
/* End PBXFileReference section */

/* Begin PBXFrameworksBuildPhase section */
		32350FBB1E36936200AEB1C1 /* Frameworks */ = {
			isa = PBXFrameworksBuildPhase;
			buildActionMask = 2147483647;
			files = (
			);
			runOnlyForDeploymentPostprocessing = 0;
		};
		32350FCF1E36936200AEB1C1 /* Frameworks */ = {
			isa = PBXFrameworksBuildPhase;
			buildActionMask = 2147483647;
			files = (
			);
			runOnlyForDeploymentPostprocessing = 0;
		};
/* End PBXFrameworksBuildPhase section */

/* Begin PBXGroup section */
		32350FB51E36936200AEB1C1 = {
			isa = PBXGroup;
			children = (
				32350FC01E36936200AEB1C1 /* LANScan */,
				32350FD51E36936200AEB1C1 /* LANScanTests */,
				32350FBF1E36936200AEB1C1 /* Products */,
			);
			sourceTree = "<group>";
		};
		32350FBF1E36936200AEB1C1 /* Products */ = {
			isa = PBXGroup;
			children = (
				32350FBE1E36936200AEB1C1 /* LANScan.app */,
				32350FD21E36936200AEB1C1 /* LANScanTests.xctest */,
			);
			name = Products;
			sourceTree = "<group>";
		};
		32350FC01E36936200AEB1C1 /* LANScan */ = {
			isa = PBXGroup;
			children = (
				32350FC11E36936200AEB1C1 /* AppDelegate.swift */,
				32350FC81E36936200AEB1C1 /* Assets.xcassets */,
				32350FCA1E36936200AEB1C1 /* LaunchScreen.storyboard */,
				32350FCD1E36936200AEB1C1 /* Info.plist */,
				32350FEB1E3694EE00AEB1C1 /* ViewControllers */,
				32350FEC1E3694F700AEB1C1 /* Views */,
			);
			path = LANScan;
			sourceTree = "<group>";
		};
		32350FD51E36936200AEB1C1 /* LANScanTests */ = {
			isa = PBXGroup;
			children = (
				32350FD61E36936200AEB1C1 /* LANScanTests.swift */,
				32350FD81E36936200AEB1C1 /* Info.plist */,
			);
			path = LANScanTests;
			sourceTree = "<group>";
		};
		32350FEB1E3694EE00AEB1C1 /* ViewControllers */ = {
			isa = PBXGroup;
			children = (
				32350FE11E3694A200AEB1C1 /* MainViewController.swift */,
				32350FE21E3694A200AEB1C1 /* ScanViewController.swift */,
			);
			name = ViewControllers;
			sourceTree = "<group>";
		};
		32350FEC1E3694F700AEB1C1 /* Views */ = {
			isa = PBXGroup;
			children = (
				32350FE51E3694DD00AEB1C1 /* ScanView.swift */,
				32350FE61E3694DD00AEB1C1 /* TopView.swift */,
				32350FE71E3694DD00AEB1C1 /* HostCell.swift */,
			);
			name = Views;
			sourceTree = "<group>";
		};
/* End PBXGroup section */

/* Begin PBXNativeTarget section */
		32350FBD1E36936200AEB1C1 /* LANScan */ = {
			isa = PBXNativeTarget;
			buildConfigurationList = 32350FDB1E36936200AEB1C1 /* Build configuration list for PBXNativeTarget "LANScan" */;
			buildPhases = (
				32350FBA1E36936200AEB1C1 /* Sources */,
				32350FBB1E36936200AEB1C1 /* Frameworks */,
				32350FBC1E36936200AEB1C1 /* Resources */,
			);
			buildRules = (
			);
			dependencies = (
			);
			name = LANScan;
			productName = LANScan;
			productReference = 32350FBE1E36936200AEB1C1 /* LANScan.app */;
			productType = "com.apple.product-type.application";
		};
		32350FD11E36936200AEB1C1 /* LANScanTests */ = {
			isa = PBXNativeTarget;
			buildConfigurationList = 32350FDE1E36936200AEB1C1 /* Build configuration list for PBXNativeTarget "LANScanTests" */;
			buildPhases = (
				32350FCE1E36936200AEB1C1 /* Sources */,
				32350FCF1E36936200AEB1C1 /* Frameworks */,
				32350FD01E36936200AEB1C1 /* Resources */,
			);
			buildRules = (
			);
			dependencies = (
				32350FD41E36936200AEB1C1 /* PBXTargetDependency */,
			);
			name = LANScanTests;
			productName = LANScanTests;
			productReference = 32350FD21E36936200AEB1C1 /* LANScanTests.xctest */;
			productType = "com.apple.product-type.bundle.unit-test";
		};
/* End PBXNativeTarget section */

/* Begin PBXProject section */
		32350FB61E36936200AEB1C1 /* Project object */ = {
			isa = PBXProject;
			attributes = {
				LastSwiftUpdateCheck = 0820;
				LastUpgradeCheck = 0820;
				ORGANIZATIONNAME = "Ville Välimaa";
				TargetAttributes = {
					32350FBD1E36936200AEB1C1 = {
						CreatedOnToolsVersion = 8.2.1;
						DevelopmentTeam = Y7K9K4R5AQ;
						ProvisioningStyle = Automatic;
					};
					32350FD11E36936200AEB1C1 = {
						CreatedOnToolsVersion = 8.2.1;
						DevelopmentTeam = Y7K9K4R5AQ;
						ProvisioningStyle = Automatic;
						TestTargetID = 32350FBD1E36936200AEB1C1;
					};
				};
			};
			buildConfigurationList = 32350FB91E36936200AEB1C1 /* Build configuration list for PBXProject "LANScan" */;
			compatibilityVersion = "Xcode 3.2";
			developmentRegion = English;
			hasScannedForEncodings = 0;
			knownRegions = (
				en,
				Base,
			);
			mainGroup = 32350FB51E36936200AEB1C1;
			productRefGroup = 32350FBF1E36936200AEB1C1 /* Products */;
			projectDirPath = "";
			projectRoot = "";
			targets = (
				32350FBD1E36936200AEB1C1 /* LANScan */,
				32350FD11E36936200AEB1C1 /* LANScanTests */,
			);
		};
/* End PBXProject section */

/* Begin PBXResourcesBuildPhase section */
		32350FBC1E36936200AEB1C1 /* Resources */ = {
			isa = PBXResourcesBuildPhase;
			buildActionMask = 2147483647;
			files = (
				32350FCC1E36936200AEB1C1 /* LaunchScreen.storyboard in Resources */,
				32350FC91E36936200AEB1C1 /* Assets.xcassets in Resources */,
			);
			runOnlyForDeploymentPostprocessing = 0;
		};
		32350FD01E36936200AEB1C1 /* Resources */ = {
			isa = PBXResourcesBuildPhase;
			buildActionMask = 2147483647;
			files = (
			);
			runOnlyForDeploymentPostprocessing = 0;
		};
/* End PBXResourcesBuildPhase section */

/* Begin PBXSourcesBuildPhase section */
		32350FBA1E36936200AEB1C1 /* Sources */ = {
			isa = PBXSourcesBuildPhase;
			buildActionMask = 2147483647;
			files = (
				32350FE31E3694A200AEB1C1 /* MainViewController.swift in Sources */,
				32350FE91E3694DD00AEB1C1 /* TopView.swift in Sources */,
				32350FE81E3694DD00AEB1C1 /* ScanView.swift in Sources */,
				32350FC21E36936200AEB1C1 /* AppDelegate.swift in Sources */,
				32350FE41E3694A200AEB1C1 /* ScanViewController.swift in Sources */,
				32350FEA1E3694DD00AEB1C1 /* HostCell.swift in Sources */,
			);
			runOnlyForDeploymentPostprocessing = 0;
		};
		32350FCE1E36936200AEB1C1 /* Sources */ = {
			isa = PBXSourcesBuildPhase;
			buildActionMask = 2147483647;
			files = (
				32350FD71E36936200AEB1C1 /* LANScanTests.swift in Sources */,
			);
			runOnlyForDeploymentPostprocessing = 0;
		};
/* End PBXSourcesBuildPhase section */

/* Begin PBXTargetDependency section */
		32350FD41E36936200AEB1C1 /* PBXTargetDependency */ = {
			isa = PBXTargetDependency;
			target = 32350FBD1E36936200AEB1C1 /* LANScan */;
			targetProxy = 32350FD31E36936200AEB1C1 /* PBXContainerItemProxy */;
		};
/* End PBXTargetDependency section */

/* Begin PBXVariantGroup section */
		32350FCA1E36936200AEB1C1 /* LaunchScreen.storyboard */ = {
			isa = PBXVariantGroup;
			children = (
				32350FCB1E36936200AEB1C1 /* Base */,
			);
			name = LaunchScreen.storyboard;
			sourceTree = "<group>";
		};
/* End PBXVariantGroup section */

/* Begin XCBuildConfiguration section */
		32350FD91E36936200AEB1C1 /* Debug */ = {
			isa = XCBuildConfiguration;
			buildSettings = {
				ALWAYS_SEARCH_USER_PATHS = NO;
				CLANG_ANALYZER_NONNULL = YES;
				CLANG_CXX_LANGUAGE_STANDARD = "gnu++0x";
				CLANG_CXX_LIBRARY = "libc++";
				CLANG_ENABLE_MODULES = YES;
				CLANG_ENABLE_OBJC_ARC = YES;
				CLANG_WARN_BOOL_CONVERSION = YES;
				CLANG_WARN_CONSTANT_CONVERSION = YES;
				CLANG_WARN_DIRECT_OBJC_ISA_USAGE = YES_ERROR;
				CLANG_WARN_DOCUMENTATION_COMMENTS = YES;
				CLANG_WARN_EMPTY_BODY = YES;
				CLANG_WARN_ENUM_CONVERSION = YES;
				CLANG_WARN_INFINITE_RECURSION = YES;
				CLANG_WARN_INT_CONVERSION = YES;
				CLANG_WARN_OBJC_ROOT_CLASS = YES_ERROR;
				CLANG_WARN_SUSPICIOUS_MOVE = YES;
				CLANG_WARN_UNREACHABLE_CODE = YES;
				CLANG_WARN__DUPLICATE_METHOD_MATCH = YES;
				"CODE_SIGN_IDENTITY[sdk=iphoneos*]" = "iPhone Developer";
				COPY_PHASE_STRIP = NO;
				DEBUG_INFORMATION_FORMAT = dwarf;
				ENABLE_STRICT_OBJC_MSGSEND = YES;
				ENABLE_TESTABILITY = YES;
				GCC_C_LANGUAGE_STANDARD = gnu99;
				GCC_DYNAMIC_NO_PIC = NO;
				GCC_NO_COMMON_BLOCKS = YES;
				GCC_OPTIMIZATION_LEVEL = 0;
				GCC_PREPROCESSOR_DEFINITIONS = (
					"DEBUG=1",
					"$(inherited)",
				);
				GCC_WARN_64_TO_32_BIT_CONVERSION = YES;
				GCC_WARN_ABOUT_RETURN_TYPE = YES_ERROR;
				GCC_WARN_UNDECLARED_SELECTOR = YES;
				GCC_WARN_UNINITIALIZED_AUTOS = YES_AGGRESSIVE;
				GCC_WARN_UNUSED_FUNCTION = YES;
				GCC_WARN_UNUSED_VARIABLE = YES;
				IPHONEOS_DEPLOYMENT_TARGET = 10.2;
				MTL_ENABLE_DEBUG_INFO = YES;
				ONLY_ACTIVE_ARCH = YES;
				SDKROOT = iphoneos;
				SWIFT_ACTIVE_COMPILATION_CONDITIONS = DEBUG;
				SWIFT_OPTIMIZATION_LEVEL = "-Onone";
				TARGETED_DEVICE_FAMILY = "1,2";
			};
			name = Debug;
		};
		32350FDA1E36936200AEB1C1 /* Release */ = {
			isa = XCBuildConfiguration;
			buildSettings = {
				ALWAYS_SEARCH_USER_PATHS = NO;
				CLANG_ANALYZER_NONNULL = YES;
				CLANG_CXX_LANGUAGE_STANDARD = "gnu++0x";
				CLANG_CXX_LIBRARY = "libc++";
				CLANG_ENABLE_MODULES = YES;
				CLANG_ENABLE_OBJC_ARC = YES;
				CLANG_WARN_BOOL_CONVERSION = YES;
				CLANG_WARN_CONSTANT_CONVERSION = YES;
				CLANG_WARN_DIRECT_OBJC_ISA_USAGE = YES_ERROR;
				CLANG_WARN_DOCUMENTATION_COMMENTS = YES;
				CLANG_WARN_EMPTY_BODY = YES;
				CLANG_WARN_ENUM_CONVERSION = YES;
				CLANG_WARN_INFINITE_RECURSION = YES;
				CLANG_WARN_INT_CONVERSION = YES;
				CLANG_WARN_OBJC_ROOT_CLASS = YES_ERROR;
				CLANG_WARN_SUSPICIOUS_MOVE = YES;
				CLANG_WARN_UNREACHABLE_CODE = YES;
				CLANG_WARN__DUPLICATE_METHOD_MATCH = YES;
				"CODE_SIGN_IDENTITY[sdk=iphoneos*]" = "iPhone Developer";
				COPY_PHASE_STRIP = NO;
				DEBUG_INFORMATION_FORMAT = "dwarf-with-dsym";
				ENABLE_NS_ASSERTIONS = NO;
				ENABLE_STRICT_OBJC_MSGSEND = YES;
				GCC_C_LANGUAGE_STANDARD = gnu99;
				GCC_NO_COMMON_BLOCKS = YES;
				GCC_WARN_64_TO_32_BIT_CONVERSION = YES;
				GCC_WARN_ABOUT_RETURN_TYPE = YES_ERROR;
				GCC_WARN_UNDECLARED_SELECTOR = YES;
				GCC_WARN_UNINITIALIZED_AUTOS = YES_AGGRESSIVE;
				GCC_WARN_UNUSED_FUNCTION = YES;
				GCC_WARN_UNUSED_VARIABLE = YES;
				IPHONEOS_DEPLOYMENT_TARGET = 10.2;
				MTL_ENABLE_DEBUG_INFO = NO;
				SDKROOT = iphoneos;
				SWIFT_OPTIMIZATION_LEVEL = "-Owholemodule";
				TARGETED_DEVICE_FAMILY = "1,2";
				VALIDATE_PRODUCT = YES;
			};
			name = Release;
		};
		32350FDC1E36936200AEB1C1 /* Debug */ = {
			isa = XCBuildConfiguration;
			buildSettings = {
				ASSETCATALOG_COMPILER_APPICON_NAME = AppIcon;
				DEVELOPMENT_TEAM = Y7K9K4R5AQ;
				INFOPLIST_FILE = LANScan/Info.plist;
				LD_RUNPATH_SEARCH_PATHS = "$(inherited) @executable_path/Frameworks";
				PRODUCT_BUNDLE_IDENTIFIER = com.ville.LANScan;
				PRODUCT_NAME = "$(TARGET_NAME)";
				SWIFT_VERSION = 3.0;
			};
			name = Debug;
		};
		32350FDD1E36936200AEB1C1 /* Release */ = {
			isa = XCBuildConfiguration;
			buildSettings = {
				ASSETCATALOG_COMPILER_APPICON_NAME = AppIcon;
				DEVELOPMENT_TEAM = Y7K9K4R5AQ;
				INFOPLIST_FILE = LANScan/Info.plist;
				LD_RUNPATH_SEARCH_PATHS = "$(inherited) @executable_path/Frameworks";
				PRODUCT_BUNDLE_IDENTIFIER = com.ville.LANScan;
				PRODUCT_NAME = "$(TARGET_NAME)";
				SWIFT_VERSION = 3.0;
			};
			name = Release;
		};
		32350FDF1E36936200AEB1C1 /* Debug */ = {
			isa = XCBuildConfiguration;
			buildSettings = {
				ALWAYS_EMBED_SWIFT_STANDARD_LIBRARIES = YES;
				BUNDLE_LOADER = "$(TEST_HOST)";
				DEVELOPMENT_TEAM = Y7K9K4R5AQ;
				INFOPLIST_FILE = LANScanTests/Info.plist;
				LD_RUNPATH_SEARCH_PATHS = "$(inherited) @executable_path/Frameworks @loader_path/Frameworks";
				PRODUCT_BUNDLE_IDENTIFIER = com.ville.LANScanTests;
				PRODUCT_NAME = "$(TARGET_NAME)";
				SWIFT_VERSION = 3.0;
				TEST_HOST = "$(BUILT_PRODUCTS_DIR)/LANScan.app/LANScan";
			};
			name = Debug;
		};
		32350FE01E36936200AEB1C1 /* Release */ = {
			isa = XCBuildConfiguration;
			buildSettings = {
				ALWAYS_EMBED_SWIFT_STANDARD_LIBRARIES = YES;
				BUNDLE_LOADER = "$(TEST_HOST)";
				DEVELOPMENT_TEAM = Y7K9K4R5AQ;
				INFOPLIST_FILE = LANScanTests/Info.plist;
				LD_RUNPATH_SEARCH_PATHS = "$(inherited) @executable_path/Frameworks @loader_path/Frameworks";
				PRODUCT_BUNDLE_IDENTIFIER = com.ville.LANScanTests;
				PRODUCT_NAME = "$(TARGET_NAME)";
				SWIFT_VERSION = 3.0;
				TEST_HOST = "$(BUILT_PRODUCTS_DIR)/LANScan.app/LANScan";
			};
			name = Release;
		};
/* End XCBuildConfiguration section */

/* Begin XCConfigurationList section */
		32350FB91E36936200AEB1C1 /* Build configuration list for PBXProject "LANScan" */ = {
			isa = XCConfigurationList;
			buildConfigurations = (
				32350FD91E36936200AEB1C1 /* Debug */,
				32350FDA1E36936200AEB1C1 /* Release */,
			);
			defaultConfigurationIsVisible = 0;
			defaultConfigurationName = Release;
		};
		32350FDB1E36936200AEB1C1 /* Build configuration list for PBXNativeTarget "LANScan" */ = {
			isa = XCConfigurationList;
			buildConfigurations = (
				32350FDC1E36936200AEB1C1 /* Debug */,
				32350FDD1E36936200AEB1C1 /* Release */,
			);
			defaultConfigurationIsVisible = 0;
		};
		32350FDE1E36936200AEB1C1 /* Build configuration list for PBXNativeTarget "LANScanTests" */ = {
			isa = XCConfigurationList;
			buildConfigurations = (
				32350FDF1E36936200AEB1C1 /* Debug */,
				32350FE01E36936200AEB1C1 /* Release */,
			);
			defaultConfigurationIsVisible = 0;
		};
/* End XCConfigurationList section */
	};
	rootObject = 32350FB61E36936200AEB1C1 /* Project object */;
}
