// !$*UTF8*$!
{
	archiveVersion = 1;
	classes = {
	};
	objectVersion = 46;
	objects = {

/* Begin PBXBuildFile section */
		129CDFFF43C0A916BF010F46 /* Pods_LANScanTests.framework in Frameworks */ = {isa = PBXBuildFile; fileRef = 8E5DF4CDEFB2558015119594 /* Pods_LANScanTests.framework */; };
		32056FFE1E6ADA730046ADDD /* PortScanner.swift in Sources */ = {isa = PBXBuildFile; fileRef = 32056FFD1E6ADA730046ADDD /* PortScanner.swift */; };
		322C6F271E3A2A1C00F08F0D /* Constants.swift in Sources */ = {isa = PBXBuildFile; fileRef = 324F2BB81E36983800CAC273 /* Constants.swift */; };
		322C6F291E3A2A2600F08F0D /* Utils.swift in Sources */ = {isa = PBXBuildFile; fileRef = 324F2BBA1E36983800CAC273 /* Utils.swift */; };
		322C6F2B1E3A783300F08F0D /* LANScanUITests.swift in Sources */ = {isa = PBXBuildFile; fileRef = 322C6F2A1E3A783300F08F0D /* LANScanUITests.swift */; };
		32350FC21E36936200AEB1C1 /* AppDelegate.swift in Sources */ = {isa = PBXBuildFile; fileRef = 32350FC11E36936200AEB1C1 /* AppDelegate.swift */; };
		32350FC91E36936200AEB1C1 /* Assets.xcassets in Resources */ = {isa = PBXBuildFile; fileRef = 32350FC81E36936200AEB1C1 /* Assets.xcassets */; };
		32350FCC1E36936200AEB1C1 /* LaunchScreen.storyboard in Resources */ = {isa = PBXBuildFile; fileRef = 32350FCA1E36936200AEB1C1 /* LaunchScreen.storyboard */; };
		32350FD71E36936200AEB1C1 /* LANScanTests.swift in Sources */ = {isa = PBXBuildFile; fileRef = 32350FD61E36936200AEB1C1 /* LANScanTests.swift */; };
		32350FE41E3694A200AEB1C1 /* ScanViewController.swift in Sources */ = {isa = PBXBuildFile; fileRef = 32350FE21E3694A200AEB1C1 /* ScanViewController.swift */; };
		32350FE81E3694DD00AEB1C1 /* ScanView.swift in Sources */ = {isa = PBXBuildFile; fileRef = 32350FE51E3694DD00AEB1C1 /* ScanView.swift */; };
		32350FE91E3694DD00AEB1C1 /* TopView.swift in Sources */ = {isa = PBXBuildFile; fileRef = 32350FE61E3694DD00AEB1C1 /* TopView.swift */; };
		32350FEA1E3694DD00AEB1C1 /* HostCell.swift in Sources */ = {isa = PBXBuildFile; fileRef = 32350FE71E3694DD00AEB1C1 /* HostCell.swift */; };
		324F2BB21E3697AE00CAC273 /* radio.png in Resources */ = {isa = PBXBuildFile; fileRef = 324F2BB01E3697AE00CAC273 /* radio.png */; };
		324F2BB31E3697AE00CAC273 /* apple_logo.png in Resources */ = {isa = PBXBuildFile; fileRef = 324F2BB11E3697AE00CAC273 /* apple_logo.png */; };
		324F2BB61E3697C500CAC273 /* Host.swift in Sources */ = {isa = PBXBuildFile; fileRef = 324F2BB51E3697C500CAC273 /* Host.swift */; };
		324F2BBB1E36983800CAC273 /* Constants.swift in Sources */ = {isa = PBXBuildFile; fileRef = 324F2BB81E36983800CAC273 /* Constants.swift */; };
		324F2BBC1E36983800CAC273 /* Extensions.swift in Sources */ = {isa = PBXBuildFile; fileRef = 324F2BB91E36983800CAC273 /* Extensions.swift */; };
		324F2BBD1E36983800CAC273 /* Utils.swift in Sources */ = {isa = PBXBuildFile; fileRef = 324F2BBA1E36983800CAC273 /* Utils.swift */; };
		324F2BC31E36987200CAC273 /* PingWrapper.swift in Sources */ = {isa = PBXBuildFile; fileRef = 324F2BC01E36987200CAC273 /* PingWrapper.swift */; };
		324F2BC41E36987200CAC273 /* SimplePing.m in Sources */ = {isa = PBXBuildFile; fileRef = 324F2BC21E36987200CAC273 /* SimplePing.m */; };
		324F2BCA1E3698B000CAC273 /* Reachability.m in Sources */ = {isa = PBXBuildFile; fileRef = 324F2BC71E3698B000CAC273 /* Reachability.m */; };
		324F2BCB1E3698B000CAC273 /* WiFiCheck.swift in Sources */ = {isa = PBXBuildFile; fileRef = 324F2BC81E3698B000CAC273 /* WiFiCheck.swift */; };
		324F2BCC1E3698B000CAC273 /* IPAddress.swift in Sources */ = {isa = PBXBuildFile; fileRef = 324F2BC91E3698B000CAC273 /* IPAddress.swift */; };
		324F2BD41E3698F100CAC273 /* MacFinder.m in Sources */ = {isa = PBXBuildFile; fileRef = 324F2BD31E3698F100CAC273 /* MacFinder.m */; };
		324F2BD81E36991200CAC273 /* HostnameResolver.m in Sources */ = {isa = PBXBuildFile; fileRef = 324F2BD61E36991200CAC273 /* HostnameResolver.m */; };
		324F2BDC1E36993400CAC273 /* LANScanner.swift in Sources */ = {isa = PBXBuildFile; fileRef = 324F2BDA1E36993400CAC273 /* LANScanner.swift */; };
		324F2BDD1E36993400CAC273 /* APIManager.swift in Sources */ = {isa = PBXBuildFile; fileRef = 324F2BDB1E36993400CAC273 /* APIManager.swift */; };
		324F2BDF1E369AC000CAC273 /* PressStart2P-Regular.ttf in Resources */ = {isa = PBXBuildFile; fileRef = 324F2BAE1E36975900CAC273 /* PressStart2P-Regular.ttf */; };
		326E11BF1E62BAC200F78A78 /* HackerTerminal.swift in Sources */ = {isa = PBXBuildFile; fileRef = 326E11BE1E62BAC200F78A78 /* HackerTerminal.swift */; };
		32F1CA471E5846B1005838CF /* DeviceViewController.swift in Sources */ = {isa = PBXBuildFile; fileRef = 32F1CA461E5846B1005838CF /* DeviceViewController.swift */; };
		4A66C75BEB4D80E648E604FB /* Pods_LANScan.framework in Frameworks */ = {isa = PBXBuildFile; fileRef = 1C144A5528EDCB8CF69FE560 /* Pods_LANScan.framework */; };
/* End PBXBuildFile section */

/* Begin PBXContainerItemProxy section */
		32350FD31E36936200AEB1C1 /* PBXContainerItemProxy */ = {
			isa = PBXContainerItemProxy;
			containerPortal = 32350FB61E36936200AEB1C1 /* Project object */;
			proxyType = 1;
			remoteGlobalIDString = 32350FBD1E36936200AEB1C1;
			remoteInfo = LANScan;
		};
/* End PBXContainerItemProxy section */

/* Begin PBXFileReference section */
		1C144A5528EDCB8CF69FE560 /* Pods_LANScan.framework */ = {isa = PBXFileReference; explicitFileType = wrapper.framework; includeInIndex = 0; path = Pods_LANScan.framework; sourceTree = BUILT_PRODUCTS_DIR; };
		2F395F1AF363BFA58C05E4DA /* Pods-LANScanTests.debug.xcconfig */ = {isa = PBXFileReference; includeInIndex = 1; lastKnownFileType = text.xcconfig; name = "Pods-LANScanTests.debug.xcconfig"; path = "Pods/Target Support Files/Pods-LANScanTests/Pods-LANScanTests.debug.xcconfig"; sourceTree = "<group>"; };
		32056FFD1E6ADA730046ADDD /* PortScanner.swift */ = {isa = PBXFileReference; fileEncoding = 4; lastKnownFileType = sourcecode.swift; path = PortScanner.swift; sourceTree = "<group>"; };
		322C6F2A1E3A783300F08F0D /* LANScanUITests.swift */ = {isa = PBXFileReference; fileEncoding = 4; lastKnownFileType = sourcecode.swift; path = LANScanUITests.swift; sourceTree = "<group>"; };
		32350FBE1E36936200AEB1C1 /* LANScan.app */ = {isa = PBXFileReference; explicitFileType = wrapper.application; includeInIndex = 0; path = LANScan.app; sourceTree = BUILT_PRODUCTS_DIR; };
		32350FC11E36936200AEB1C1 /* AppDelegate.swift */ = {isa = PBXFileReference; lastKnownFileType = sourcecode.swift; path = AppDelegate.swift; sourceTree = "<group>"; };
		32350FC81E36936200AEB1C1 /* Assets.xcassets */ = {isa = PBXFileReference; lastKnownFileType = folder.assetcatalog; path = Assets.xcassets; sourceTree = "<group>"; };
		32350FCB1E36936200AEB1C1 /* Base */ = {isa = PBXFileReference; lastKnownFileType = file.storyboard; name = Base; path = Base.lproj/LaunchScreen.storyboard; sourceTree = "<group>"; };
		32350FCD1E36936200AEB1C1 /* Info.plist */ = {isa = PBXFileReference; lastKnownFileType = text.plist.xml; path = Info.plist; sourceTree = "<group>"; };
		32350FD21E36936200AEB1C1 /* LANScanTests.xctest */ = {isa = PBXFileReference; explicitFileType = wrapper.cfbundle; includeInIndex = 0; path = LANScanTests.xctest; sourceTree = BUILT_PRODUCTS_DIR; };
		32350FD61E36936200AEB1C1 /* LANScanTests.swift */ = {isa = PBXFileReference; lastKnownFileType = sourcecode.swift; path = LANScanTests.swift; sourceTree = "<group>"; };
		32350FD81E36936200AEB1C1 /* Info.plist */ = {isa = PBXFileReference; lastKnownFileType = text.plist.xml; path = Info.plist; sourceTree = "<group>"; };
		32350FE21E3694A200AEB1C1 /* ScanViewController.swift */ = {isa = PBXFileReference; fileEncoding = 4; lastKnownFileType = sourcecode.swift; path = ScanViewController.swift; sourceTree = "<group>"; };
		32350FE51E3694DD00AEB1C1 /* ScanView.swift */ = {isa = PBXFileReference; fileEncoding = 4; lastKnownFileType = sourcecode.swift; path = ScanView.swift; sourceTree = "<group>"; };
		32350FE61E3694DD00AEB1C1 /* TopView.swift */ = {isa = PBXFileReference; fileEncoding = 4; lastKnownFileType = sourcecode.swift; path = TopView.swift; sourceTree = "<group>"; };
		32350FE71E3694DD00AEB1C1 /* HostCell.swift */ = {isa = PBXFileReference; fileEncoding = 4; lastKnownFileType = sourcecode.swift; path = HostCell.swift; sourceTree = "<group>"; };
		324F2BAE1E36975900CAC273 /* PressStart2P-Regular.ttf */ = {isa = PBXFileReference; lastKnownFileType = file; path = "PressStart2P-Regular.ttf"; sourceTree = "<group>"; };
		324F2BB01E3697AE00CAC273 /* radio.png */ = {isa = PBXFileReference; lastKnownFileType = image.png; path = radio.png; sourceTree = "<group>"; };
		324F2BB11E3697AE00CAC273 /* apple_logo.png */ = {isa = PBXFileReference; lastKnownFileType = image.png; path = apple_logo.png; sourceTree = "<group>"; };
		324F2BB51E3697C500CAC273 /* Host.swift */ = {isa = PBXFileReference; fileEncoding = 4; lastKnownFileType = sourcecode.swift; path = Host.swift; sourceTree = "<group>"; };
		324F2BB81E36983800CAC273 /* Constants.swift */ = {isa = PBXFileReference; fileEncoding = 4; lastKnownFileType = sourcecode.swift; path = Constants.swift; sourceTree = "<group>"; };
		324F2BB91E36983800CAC273 /* Extensions.swift */ = {isa = PBXFileReference; fileEncoding = 4; lastKnownFileType = sourcecode.swift; path = Extensions.swift; sourceTree = "<group>"; };
		324F2BBA1E36983800CAC273 /* Utils.swift */ = {isa = PBXFileReference; fileEncoding = 4; lastKnownFileType = sourcecode.swift; path = Utils.swift; sourceTree = "<group>"; };
		324F2BBF1E36987100CAC273 /* LANScan-Bridging-Header.h */ = {isa = PBXFileReference; lastKnownFileType = sourcecode.c.h; path = "LANScan-Bridging-Header.h"; sourceTree = "<group>"; };
		324F2BC01E36987200CAC273 /* PingWrapper.swift */ = {isa = PBXFileReference; fileEncoding = 4; lastKnownFileType = sourcecode.swift; path = PingWrapper.swift; sourceTree = "<group>"; };
		324F2BC11E36987200CAC273 /* SimplePing.h */ = {isa = PBXFileReference; fileEncoding = 4; lastKnownFileType = sourcecode.c.h; path = SimplePing.h; sourceTree = "<group>"; };
		324F2BC21E36987200CAC273 /* SimplePing.m */ = {isa = PBXFileReference; fileEncoding = 4; lastKnownFileType = sourcecode.c.objc; path = SimplePing.m; sourceTree = "<group>"; };
		324F2BC61E3698B000CAC273 /* Reachability.h */ = {isa = PBXFileReference; fileEncoding = 4; lastKnownFileType = sourcecode.c.h; path = Reachability.h; sourceTree = "<group>"; };
		324F2BC71E3698B000CAC273 /* Reachability.m */ = {isa = PBXFileReference; fileEncoding = 4; lastKnownFileType = sourcecode.c.objc; path = Reachability.m; sourceTree = "<group>"; };
		324F2BC81E3698B000CAC273 /* WiFiCheck.swift */ = {isa = PBXFileReference; fileEncoding = 4; lastKnownFileType = sourcecode.swift; path = WiFiCheck.swift; sourceTree = "<group>"; };
		324F2BC91E3698B000CAC273 /* IPAddress.swift */ = {isa = PBXFileReference; fileEncoding = 4; lastKnownFileType = sourcecode.swift; path = IPAddress.swift; sourceTree = "<group>"; };
		324F2BCE1E3698F100CAC273 /* if_arp.h */ = {isa = PBXFileReference; fileEncoding = 4; lastKnownFileType = sourcecode.c.h; path = if_arp.h; sourceTree = "<group>"; };
		324F2BCF1E3698F100CAC273 /* if_ether.h */ = {isa = PBXFileReference; fileEncoding = 4; lastKnownFileType = sourcecode.c.h; path = if_ether.h; sourceTree = "<group>"; };
		324F2BD01E3698F100CAC273 /* if_types.h */ = {isa = PBXFileReference; fileEncoding = 4; lastKnownFileType = sourcecode.c.h; path = if_types.h; sourceTree = "<group>"; };
		324F2BD11E3698F100CAC273 /* route.h */ = {isa = PBXFileReference; fileEncoding = 4; lastKnownFileType = sourcecode.c.h; path = route.h; sourceTree = "<group>"; };
		324F2BD21E3698F100CAC273 /* MacFinder.h */ = {isa = PBXFileReference; fileEncoding = 4; lastKnownFileType = sourcecode.c.h; path = MacFinder.h; sourceTree = "<group>"; };
		324F2BD31E3698F100CAC273 /* MacFinder.m */ = {isa = PBXFileReference; fileEncoding = 4; lastKnownFileType = sourcecode.c.objc; path = MacFinder.m; sourceTree = "<group>"; };
		324F2BD61E36991200CAC273 /* HostnameResolver.m */ = {isa = PBXFileReference; fileEncoding = 4; lastKnownFileType = sourcecode.c.objc; path = HostnameResolver.m; sourceTree = "<group>"; };
		324F2BD71E36991200CAC273 /* HostnameResolver.h */ = {isa = PBXFileReference; fileEncoding = 4; lastKnownFileType = sourcecode.c.h; path = HostnameResolver.h; sourceTree = "<group>"; };
		324F2BDA1E36993400CAC273 /* LANScanner.swift */ = {isa = PBXFileReference; fileEncoding = 4; lastKnownFileType = sourcecode.swift; path = LANScanner.swift; sourceTree = "<group>"; };
		324F2BDB1E36993400CAC273 /* APIManager.swift */ = {isa = PBXFileReference; fileEncoding = 4; lastKnownFileType = sourcecode.swift; path = APIManager.swift; sourceTree = "<group>"; };
		326E11BE1E62BAC200F78A78 /* HackerTerminal.swift */ = {isa = PBXFileReference; fileEncoding = 4; lastKnownFileType = sourcecode.swift; path = HackerTerminal.swift; sourceTree = "<group>"; };
		32F1CA461E5846B1005838CF /* DeviceViewController.swift */ = {isa = PBXFileReference; fileEncoding = 4; lastKnownFileType = sourcecode.swift; path = DeviceViewController.swift; sourceTree = "<group>"; };
		4CEBB13C923ECADA6ED046B2 /* Pods-LANScan.release.xcconfig */ = {isa = PBXFileReference; includeInIndex = 1; lastKnownFileType = text.xcconfig; name = "Pods-LANScan.release.xcconfig"; path = "Pods/Target Support Files/Pods-LANScan/Pods-LANScan.release.xcconfig"; sourceTree = "<group>"; };
		8E5DF4CDEFB2558015119594 /* Pods_LANScanTests.framework */ = {isa = PBXFileReference; explicitFileType = wrapper.framework; includeInIndex = 0; path = Pods_LANScanTests.framework; sourceTree = BUILT_PRODUCTS_DIR; };
		BEC25BB06EF4212C450470FD /* Pods-LANScanTests.release.xcconfig */ = {isa = PBXFileReference; includeInIndex = 1; lastKnownFileType = text.xcconfig; name = "Pods-LANScanTests.release.xcconfig"; path = "Pods/Target Support Files/Pods-LANScanTests/Pods-LANScanTests.release.xcconfig"; sourceTree = "<group>"; };
		E521D472E10FF26B68C0495A /* Pods-LANScan.debug.xcconfig */ = {isa = PBXFileReference; includeInIndex = 1; lastKnownFileType = text.xcconfig; name = "Pods-LANScan.debug.xcconfig"; path = "Pods/Target Support Files/Pods-LANScan/Pods-LANScan.debug.xcconfig"; sourceTree = "<group>"; };
/* End PBXFileReference section */

/* Begin PBXFrameworksBuildPhase section */
		32350FBB1E36936200AEB1C1 /* Frameworks */ = {
			isa = PBXFrameworksBuildPhase;
			buildActionMask = 2147483647;
			files = (
				4A66C75BEB4D80E648E604FB /* Pods_LANScan.framework in Frameworks */,
			);
			runOnlyForDeploymentPostprocessing = 0;
		};
		32350FCF1E36936200AEB1C1 /* Frameworks */ = {
			isa = PBXFrameworksBuildPhase;
			buildActionMask = 2147483647;
			files = (
				129CDFFF43C0A916BF010F46 /* Pods_LANScanTests.framework in Frameworks */,
			);
			runOnlyForDeploymentPostprocessing = 0;
		};
/* End PBXFrameworksBuildPhase section */

/* Begin PBXGroup section */
		32350FB51E36936200AEB1C1 = {
			isa = PBXGroup;
			children = (
				32350FC01E36936200AEB1C1 /* LANScan */,
				32350FD51E36936200AEB1C1 /* LANScanTests */,
				32350FBF1E36936200AEB1C1 /* Products */,
				599A0495CB96567E18751F46 /* Pods */,
				6563F552F23CD0DD2DB8A614 /* Frameworks */,
			);
			sourceTree = "<group>";
		};
		32350FBF1E36936200AEB1C1 /* Products */ = {
			isa = PBXGroup;
			children = (
				32350FBE1E36936200AEB1C1 /* LANScan.app */,
				32350FD21E36936200AEB1C1 /* LANScanTests.xctest */,
			);
			name = Products;
			sourceTree = "<group>";
		};
		32350FC01E36936200AEB1C1 /* LANScan */ = {
			isa = PBXGroup;
			children = (
				32350FC11E36936200AEB1C1 /* AppDelegate.swift */,
				32350FC81E36936200AEB1C1 /* Assets.xcassets */,
				32350FCA1E36936200AEB1C1 /* LaunchScreen.storyboard */,
				32350FCD1E36936200AEB1C1 /* Info.plist */,
				324F2BDE1E36995E00CAC273 /* Network */,
				324F2BBE1E36984400CAC273 /* Utils */,
				324F2BB71E3697C800CAC273 /* Models */,
				324F2BB41E3697B200CAC273 /* Images */,
				324F2BAF1E36975C00CAC273 /* Fonts */,
				32350FEB1E3694EE00AEB1C1 /* ViewControllers */,
				32350FEC1E3694F700AEB1C1 /* Views */,
			);
			path = LANScan;
			sourceTree = "<group>";
		};
		32350FD51E36936200AEB1C1 /* LANScanTests */ = {
			isa = PBXGroup;
			children = (
				32350FD61E36936200AEB1C1 /* LANScanTests.swift */,
				322C6F2A1E3A783300F08F0D /* LANScanUITests.swift */,
				32350FD81E36936200AEB1C1 /* Info.plist */,
			);
			path = LANScanTests;
			sourceTree = "<group>";
		};
		32350FEB1E3694EE00AEB1C1 /* ViewControllers */ = {
			isa = PBXGroup;
			children = (
				32350FE21E3694A200AEB1C1 /* ScanViewController.swift */,
				32F1CA461E5846B1005838CF /* DeviceViewController.swift */,
			);
			name = ViewControllers;
			sourceTree = "<group>";
		};
		32350FEC1E3694F700AEB1C1 /* Views */ = {
			isa = PBXGroup;
			children = (
				32350FE51E3694DD00AEB1C1 /* ScanView.swift */,
				32350FE61E3694DD00AEB1C1 /* TopView.swift */,
				32350FE71E3694DD00AEB1C1 /* HostCell.swift */,
				326E11BE1E62BAC200F78A78 /* HackerTerminal.swift */,
			);
			name = Views;
			sourceTree = "<group>";
		};
		324F2BAF1E36975C00CAC273 /* Fonts */ = {
			isa = PBXGroup;
			children = (
				324F2BAE1E36975900CAC273 /* PressStart2P-Regular.ttf */,
			);
			name = Fonts;
			sourceTree = "<group>";
		};
		324F2BB41E3697B200CAC273 /* Images */ = {
			isa = PBXGroup;
			children = (
				324F2BB01E3697AE00CAC273 /* radio.png */,
				324F2BB11E3697AE00CAC273 /* apple_logo.png */,
			);
			name = Images;
			sourceTree = "<group>";
		};
		324F2BB71E3697C800CAC273 /* Models */ = {
			isa = PBXGroup;
			children = (
				324F2BB51E3697C500CAC273 /* Host.swift */,
			);
			name = Models;
			sourceTree = "<group>";
		};
		324F2BBE1E36984400CAC273 /* Utils */ = {
			isa = PBXGroup;
			children = (
				324F2BBF1E36987100CAC273 /* LANScan-Bridging-Header.h */,
				324F2BB81E36983800CAC273 /* Constants.swift */,
				324F2BB91E36983800CAC273 /* Extensions.swift */,
				324F2BBA1E36983800CAC273 /* Utils.swift */,
			);
			name = Utils;
			sourceTree = "<group>";
		};
		324F2BC51E36988300CAC273 /* ICMP */ = {
			isa = PBXGroup;
			children = (
				324F2BC01E36987200CAC273 /* PingWrapper.swift */,
				324F2BC11E36987200CAC273 /* SimplePing.h */,
				324F2BC21E36987200CAC273 /* SimplePing.m */,
			);
			name = ICMP;
			sourceTree = "<group>";
		};
		324F2BCD1E3698B700CAC273 /* Reachability */ = {
			isa = PBXGroup;
			children = (
				324F2BC61E3698B000CAC273 /* Reachability.h */,
				324F2BC71E3698B000CAC273 /* Reachability.m */,
				324F2BC81E3698B000CAC273 /* WiFiCheck.swift */,
				324F2BC91E3698B000CAC273 /* IPAddress.swift */,
			);
			name = Reachability;
			sourceTree = "<group>";
		};
		324F2BD51E3698F600CAC273 /* MacFinder */ = {
			isa = PBXGroup;
			children = (
				324F2BCE1E3698F100CAC273 /* if_arp.h */,
				324F2BCF1E3698F100CAC273 /* if_ether.h */,
				324F2BD01E3698F100CAC273 /* if_types.h */,
				324F2BD11E3698F100CAC273 /* route.h */,
				324F2BD21E3698F100CAC273 /* MacFinder.h */,
				324F2BD31E3698F100CAC273 /* MacFinder.m */,
			);
			name = MacFinder;
			sourceTree = "<group>";
		};
		324F2BD91E36991A00CAC273 /* HostnameResolver */ = {
			isa = PBXGroup;
			children = (
				324F2BD61E36991200CAC273 /* HostnameResolver.m */,
				324F2BD71E36991200CAC273 /* HostnameResolver.h */,
			);
			name = HostnameResolver;
			sourceTree = "<group>";
		};
		324F2BDE1E36995E00CAC273 /* Network */ = {
			isa = PBXGroup;
			children = (
				324F2BDA1E36993400CAC273 /* LANScanner.swift */,
				32056FFD1E6ADA730046ADDD /* PortScanner.swift */,
				324F2BDB1E36993400CAC273 /* APIManager.swift */,
				324F2BD91E36991A00CAC273 /* HostnameResolver */,
				324F2BD51E3698F600CAC273 /* MacFinder */,
				324F2BCD1E3698B700CAC273 /* Reachability */,
				324F2BC51E36988300CAC273 /* ICMP */,
			);
			name = Network;
			sourceTree = "<group>";
		};
		599A0495CB96567E18751F46 /* Pods */ = {
			isa = PBXGroup;
			children = (
				E521D472E10FF26B68C0495A /* Pods-LANScan.debug.xcconfig */,
				4CEBB13C923ECADA6ED046B2 /* Pods-LANScan.release.xcconfig */,
				2F395F1AF363BFA58C05E4DA /* Pods-LANScanTests.debug.xcconfig */,
				BEC25BB06EF4212C450470FD /* Pods-LANScanTests.release.xcconfig */,
			);
			name = Pods;
			sourceTree = "<group>";
		};
		6563F552F23CD0DD2DB8A614 /* Frameworks */ = {
			isa = PBXGroup;
			children = (
				1C144A5528EDCB8CF69FE560 /* Pods_LANScan.framework */,
				8E5DF4CDEFB2558015119594 /* Pods_LANScanTests.framework */,
			);
			name = Frameworks;
			sourceTree = "<group>";
		};
/* End PBXGroup section */

/* Begin PBXNativeTarget section */
		32350FBD1E36936200AEB1C1 /* LANScan */ = {
			isa = PBXNativeTarget;
			buildConfigurationList = 32350FDB1E36936200AEB1C1 /* Build configuration list for PBXNativeTarget "LANScan" */;
			buildPhases = (
				C21943C5E4D45B2C35C915EA /* [CP] Check Pods Manifest.lock */,
				32350FBA1E36936200AEB1C1 /* Sources */,
				32350FBB1E36936200AEB1C1 /* Frameworks */,
				32350FBC1E36936200AEB1C1 /* Resources */,
				70CDD2C37E4662FF30F2E136 /* [CP] Embed Pods Frameworks */,
				31A26D1F2D7A0A69F67D0532 /* [CP] Copy Pods Resources */,
			);
			buildRules = (
			);
			dependencies = (
			);
			name = LANScan;
			productName = LANScan;
			productReference = 32350FBE1E36936200AEB1C1 /* LANScan.app */;
			productType = "com.apple.product-type.application";
		};
		32350FD11E36936200AEB1C1 /* LANScanTests */ = {
			isa = PBXNativeTarget;
			buildConfigurationList = 32350FDE1E36936200AEB1C1 /* Build configuration list for PBXNativeTarget "LANScanTests" */;
			buildPhases = (
				2F1B85467B2EF0F733CD709D /* [CP] Check Pods Manifest.lock */,
				32350FCE1E36936200AEB1C1 /* Sources */,
				32350FCF1E36936200AEB1C1 /* Frameworks */,
				32350FD01E36936200AEB1C1 /* Resources */,
				BF3E44C215A1E0CBF5C70CFD /* [CP] Embed Pods Frameworks */,
				4A9CD697E433408784B46CB8 /* [CP] Copy Pods Resources */,
			);
			buildRules = (
			);
			dependencies = (
				32350FD41E36936200AEB1C1 /* PBXTargetDependency */,
			);
			name = LANScanTests;
			productName = LANScanTests;
			productReference = 32350FD21E36936200AEB1C1 /* LANScanTests.xctest */;
			productType = "com.apple.product-type.bundle.unit-test";
		};
/* End PBXNativeTarget section */

/* Begin PBXProject section */
		32350FB61E36936200AEB1C1 /* Project object */ = {
			isa = PBXProject;
			attributes = {
				LastSwiftUpdateCheck = 0820;
				LastUpgradeCheck = 0920;
				ORGANIZATIONNAME = "Ville Välimaa";
				TargetAttributes = {
					32350FBD1E36936200AEB1C1 = {
						CreatedOnToolsVersion = 8.2.1;
						DevelopmentTeam = Y7K9K4R5AQ;
						LastSwiftMigration = 0920;
						ProvisioningStyle = Automatic;
					};
					32350FD11E36936200AEB1C1 = {
						CreatedOnToolsVersion = 8.2.1;
						DevelopmentTeam = Y7K9K4R5AQ;
						LastSwiftMigration = 0920;
						ProvisioningStyle = Automatic;
						TestTargetID = 32350FBD1E36936200AEB1C1;
					};
				};
			};
			buildConfigurationList = 32350FB91E36936200AEB1C1 /* Build configuration list for PBXProject "LANScan" */;
			compatibilityVersion = "Xcode 3.2";
			developmentRegion = English;
			hasScannedForEncodings = 0;
			knownRegions = (
				en,
				Base,
			);
			mainGroup = 32350FB51E36936200AEB1C1;
			productRefGroup = 32350FBF1E36936200AEB1C1 /* Products */;
			projectDirPath = "";
			projectRoot = "";
			targets = (
				32350FBD1E36936200AEB1C1 /* LANScan */,
				32350FD11E36936200AEB1C1 /* LANScanTests */,
			);
		};
/* End PBXProject section */

/* Begin PBXResourcesBuildPhase section */
		32350FBC1E36936200AEB1C1 /* Resources */ = {
			isa = PBXResourcesBuildPhase;
			buildActionMask = 2147483647;
			files = (
				32350FCC1E36936200AEB1C1 /* LaunchScreen.storyboard in Resources */,
				324F2BDF1E369AC000CAC273 /* PressStart2P-Regular.ttf in Resources */,
				324F2BB21E3697AE00CAC273 /* radio.png in Resources */,
				32350FC91E36936200AEB1C1 /* Assets.xcassets in Resources */,
				324F2BB31E3697AE00CAC273 /* apple_logo.png in Resources */,
			);
			runOnlyForDeploymentPostprocessing = 0;
		};
		32350FD01E36936200AEB1C1 /* Resources */ = {
			isa = PBXResourcesBuildPhase;
			buildActionMask = 2147483647;
			files = (
			);
			runOnlyForDeploymentPostprocessing = 0;
		};
/* End PBXResourcesBuildPhase section */

/* Begin PBXShellScriptBuildPhase section */
		2F1B85467B2EF0F733CD709D /* [CP] Check Pods Manifest.lock */ = {
			isa = PBXShellScriptBuildPhase;
			buildActionMask = 2147483647;
			files = (
			);
			inputPaths = (
				"${PODS_PODFILE_DIR_PATH}/Podfile.lock",
				"${PODS_ROOT}/Manifest.lock",
			);
			name = "[CP] Check Pods Manifest.lock";
			outputPaths = (
				"$(DERIVED_FILE_DIR)/Pods-LANScanTests-checkManifestLockResult.txt",
			);
			runOnlyForDeploymentPostprocessing = 0;
			shellPath = /bin/sh;
			shellScript = "diff \"${PODS_PODFILE_DIR_PATH}/Podfile.lock\" \"${PODS_ROOT}/Manifest.lock\" > /dev/null\nif [ $? != 0 ] ; then\n    # print error to STDERR\n    echo \"error: The sandbox is not in sync with the Podfile.lock. Run 'pod install' or update your CocoaPods installation.\" >&2\n    exit 1\nfi\n# This output is used by Xcode 'outputs' to avoid re-running this script phase.\necho \"SUCCESS\" > \"${SCRIPT_OUTPUT_FILE_0}\"\n";
			showEnvVarsInLog = 0;
		};
		31A26D1F2D7A0A69F67D0532 /* [CP] Copy Pods Resources */ = {
			isa = PBXShellScriptBuildPhase;
			buildActionMask = 2147483647;
			files = (
			);
			inputPaths = (
			);
			name = "[CP] Copy Pods Resources";
			outputPaths = (
			);
			runOnlyForDeploymentPostprocessing = 0;
			shellPath = /bin/sh;
			shellScript = "\"${SRCROOT}/Pods/Target Support Files/Pods-LANScan/Pods-LANScan-resources.sh\"\n";
			showEnvVarsInLog = 0;
		};
		4A9CD697E433408784B46CB8 /* [CP] Copy Pods Resources */ = {
			isa = PBXShellScriptBuildPhase;
			buildActionMask = 2147483647;
			files = (
			);
			inputPaths = (
			);
			name = "[CP] Copy Pods Resources";
			outputPaths = (
			);
			runOnlyForDeploymentPostprocessing = 0;
			shellPath = /bin/sh;
			shellScript = "\"${SRCROOT}/Pods/Target Support Files/Pods-LANScanTests/Pods-LANScanTests-resources.sh\"\n";
			showEnvVarsInLog = 0;
		};
		70CDD2C37E4662FF30F2E136 /* [CP] Embed Pods Frameworks */ = {
			isa = PBXShellScriptBuildPhase;
			buildActionMask = 2147483647;
			files = (
			);
			inputPaths = (
				"${SRCROOT}/Pods/Target Support Files/Pods-LANScan/Pods-LANScan-frameworks.sh",
				"${BUILT_PRODUCTS_DIR}/Alamofire/Alamofire.framework",
				"${BUILT_PRODUCTS_DIR}/ReactiveCocoa/ReactiveCocoa.framework",
				"${BUILT_PRODUCTS_DIR}/SnapKit/SnapKit.framework",
				"${BUILT_PRODUCTS_DIR}/SpinKit/SpinKit.framework",
				"${BUILT_PRODUCTS_DIR}/SwiftSocket/SwiftSocket.framework",
			);
			name = "[CP] Embed Pods Frameworks";
			outputPaths = (
				"${TARGET_BUILD_DIR}/${FRAMEWORKS_FOLDER_PATH}/Alamofire.framework",
				"${TARGET_BUILD_DIR}/${FRAMEWORKS_FOLDER_PATH}/ReactiveCocoa.framework",
				"${TARGET_BUILD_DIR}/${FRAMEWORKS_FOLDER_PATH}/SnapKit.framework",
				"${TARGET_BUILD_DIR}/${FRAMEWORKS_FOLDER_PATH}/SpinKit.framework",
				"${TARGET_BUILD_DIR}/${FRAMEWORKS_FOLDER_PATH}/SwiftSocket.framework",
			);
			runOnlyForDeploymentPostprocessing = 0;
			shellPath = /bin/sh;
			shellScript = "\"${SRCROOT}/Pods/Target Support Files/Pods-LANScan/Pods-LANScan-frameworks.sh\"\n";
			showEnvVarsInLog = 0;
		};
		BF3E44C215A1E0CBF5C70CFD /* [CP] Embed Pods Frameworks */ = {
			isa = PBXShellScriptBuildPhase;
			buildActionMask = 2147483647;
			files = (
			);
			inputPaths = (
			);
			name = "[CP] Embed Pods Frameworks";
			outputPaths = (
			);
			runOnlyForDeploymentPostprocessing = 0;
			shellPath = /bin/sh;
			shellScript = "\"${SRCROOT}/Pods/Target Support Files/Pods-LANScanTests/Pods-LANScanTests-frameworks.sh\"\n";
			showEnvVarsInLog = 0;
		};
		C21943C5E4D45B2C35C915EA /* [CP] Check Pods Manifest.lock */ = {
			isa = PBXShellScriptBuildPhase;
			buildActionMask = 2147483647;
			files = (
			);
			inputPaths = (
				"${PODS_PODFILE_DIR_PATH}/Podfile.lock",
				"${PODS_ROOT}/Manifest.lock",
			);
			name = "[CP] Check Pods Manifest.lock";
			outputPaths = (
				"$(DERIVED_FILE_DIR)/Pods-LANScan-checkManifestLockResult.txt",
			);
			runOnlyForDeploymentPostprocessing = 0;
			shellPath = /bin/sh;
			shellScript = "diff \"${PODS_PODFILE_DIR_PATH}/Podfile.lock\" \"${PODS_ROOT}/Manifest.lock\" > /dev/null\nif [ $? != 0 ] ; then\n    # print error to STDERR\n    echo \"error: The sandbox is not in sync with the Podfile.lock. Run 'pod install' or update your CocoaPods installation.\" >&2\n    exit 1\nfi\n# This output is used by Xcode 'outputs' to avoid re-running this script phase.\necho \"SUCCESS\" > \"${SCRIPT_OUTPUT_FILE_0}\"\n";
			showEnvVarsInLog = 0;
		};
/* End PBXShellScriptBuildPhase section */

/* Begin PBXSourcesBuildPhase section */
		32350FBA1E36936200AEB1C1 /* Sources */ = {
			isa = PBXSourcesBuildPhase;
			buildActionMask = 2147483647;
			files = (
				324F2BCA1E3698B000CAC273 /* Reachability.m in Sources */,
				32056FFE1E6ADA730046ADDD /* PortScanner.swift in Sources */,
				324F2BDD1E36993400CAC273 /* APIManager.swift in Sources */,
				324F2BDC1E36993400CAC273 /* LANScanner.swift in Sources */,
				324F2BBC1E36983800CAC273 /* Extensions.swift in Sources */,
				32350FE91E3694DD00AEB1C1 /* TopView.swift in Sources */,
				324F2BC41E36987200CAC273 /* SimplePing.m in Sources */,
				324F2BB61E3697C500CAC273 /* Host.swift in Sources */,
				32350FE81E3694DD00AEB1C1 /* ScanView.swift in Sources */,
				324F2BD81E36991200CAC273 /* HostnameResolver.m in Sources */,
				324F2BBD1E36983800CAC273 /* Utils.swift in Sources */,
				324F2BCC1E3698B000CAC273 /* IPAddress.swift in Sources */,
				32F1CA471E5846B1005838CF /* DeviceViewController.swift in Sources */,
				32350FC21E36936200AEB1C1 /* AppDelegate.swift in Sources */,
				326E11BF1E62BAC200F78A78 /* HackerTerminal.swift in Sources */,
				324F2BC31E36987200CAC273 /* PingWrapper.swift in Sources */,
				32350FE41E3694A200AEB1C1 /* ScanViewController.swift in Sources */,
				324F2BCB1E3698B000CAC273 /* WiFiCheck.swift in Sources */,
				32350FEA1E3694DD00AEB1C1 /* HostCell.swift in Sources */,
				324F2BBB1E36983800CAC273 /* Constants.swift in Sources */,
				324F2BD41E3698F100CAC273 /* MacFinder.m in Sources */,
			);
			runOnlyForDeploymentPostprocessing = 0;
		};
		32350FCE1E36936200AEB1C1 /* Sources */ = {
			isa = PBXSourcesBuildPhase;
			buildActionMask = 2147483647;
			files = (
				322C6F2B1E3A783300F08F0D /* LANScanUITests.swift in Sources */,
				322C6F291E3A2A2600F08F0D /* Utils.swift in Sources */,
				32350FD71E36936200AEB1C1 /* LANScanTests.swift in Sources */,
				322C6F271E3A2A1C00F08F0D /* Constants.swift in Sources */,
			);
			runOnlyForDeploymentPostprocessing = 0;
		};
/* End PBXSourcesBuildPhase section */

/* Begin PBXTargetDependency section */
		32350FD41E36936200AEB1C1 /* PBXTargetDependency */ = {
			isa = PBXTargetDependency;
			target = 32350FBD1E36936200AEB1C1 /* LANScan */;
			targetProxy = 32350FD31E36936200AEB1C1 /* PBXContainerItemProxy */;
		};
/* End PBXTargetDependency section */

/* Begin PBXVariantGroup section */
		32350FCA1E36936200AEB1C1 /* LaunchScreen.storyboard */ = {
			isa = PBXVariantGroup;
			children = (
				32350FCB1E36936200AEB1C1 /* Base */,
			);
			name = LaunchScreen.storyboard;
			sourceTree = "<group>";
		};
/* End PBXVariantGroup section */

/* Begin XCBuildConfiguration section */
		32350FD91E36936200AEB1C1 /* Debug */ = {
			isa = XCBuildConfiguration;
			buildSettings = {
				ALWAYS_SEARCH_USER_PATHS = NO;
				CLANG_ANALYZER_NONNULL = YES;
				CLANG_CXX_LANGUAGE_STANDARD = "gnu++0x";
				CLANG_CXX_LIBRARY = "libc++";
				CLANG_ENABLE_MODULES = YES;
				CLANG_ENABLE_OBJC_ARC = YES;
				CLANG_WARN_BLOCK_CAPTURE_AUTORELEASING = YES;
				CLANG_WARN_BOOL_CONVERSION = YES;
				CLANG_WARN_COMMA = YES;
				CLANG_WARN_CONSTANT_CONVERSION = YES;
				CLANG_WARN_DIRECT_OBJC_ISA_USAGE = YES_ERROR;
				CLANG_WARN_DOCUMENTATION_COMMENTS = YES;
				CLANG_WARN_EMPTY_BODY = YES;
				CLANG_WARN_ENUM_CONVERSION = YES;
				CLANG_WARN_INFINITE_RECURSION = YES;
				CLANG_WARN_INT_CONVERSION = YES;
				CLANG_WARN_NON_LITERAL_NULL_CONVERSION = YES;
				CLANG_WARN_OBJC_LITERAL_CONVERSION = YES;
				CLANG_WARN_OBJC_ROOT_CLASS = YES_ERROR;
				CLANG_WARN_RANGE_LOOP_ANALYSIS = YES;
				CLANG_WARN_STRICT_PROTOTYPES = YES;
				CLANG_WARN_SUSPICIOUS_MOVE = YES;
				CLANG_WARN_UNREACHABLE_CODE = YES;
				CLANG_WARN__DUPLICATE_METHOD_MATCH = YES;
				"CODE_SIGN_IDENTITY[sdk=iphoneos*]" = "iPhone Developer";
				COPY_PHASE_STRIP = NO;
				DEBUG_INFORMATION_FORMAT = dwarf;
				ENABLE_STRICT_OBJC_MSGSEND = YES;
				ENABLE_TESTABILITY = YES;
				GCC_C_LANGUAGE_STANDARD = gnu99;
				GCC_DYNAMIC_NO_PIC = NO;
				GCC_NO_COMMON_BLOCKS = YES;
				GCC_OPTIMIZATION_LEVEL = 0;
				GCC_PREPROCESSOR_DEFINITIONS = (
					"DEBUG=1",
					"$(inherited)",
				);
				GCC_WARN_64_TO_32_BIT_CONVERSION = YES;
				GCC_WARN_ABOUT_RETURN_TYPE = YES_ERROR;
				GCC_WARN_UNDECLARED_SELECTOR = YES;
				GCC_WARN_UNINITIALIZED_AUTOS = YES_AGGRESSIVE;
				GCC_WARN_UNUSED_FUNCTION = YES;
				GCC_WARN_UNUSED_VARIABLE = YES;
				IPHONEOS_DEPLOYMENT_TARGET = 10.2;
				MTL_ENABLE_DEBUG_INFO = YES;
				ONLY_ACTIVE_ARCH = YES;
				SDKROOT = iphoneos;
				SWIFT_ACTIVE_COMPILATION_CONDITIONS = DEBUG;
				SWIFT_OPTIMIZATION_LEVEL = "-Onone";
				TARGETED_DEVICE_FAMILY = "1,2";
			};
			name = Debug;
		};
		32350FDA1E36936200AEB1C1 /* Release */ = {
			isa = XCBuildConfiguration;
			buildSettings = {
				ALWAYS_SEARCH_USER_PATHS = NO;
				CLANG_ANALYZER_NONNULL = YES;
				CLANG_CXX_LANGUAGE_STANDARD = "gnu++0x";
				CLANG_CXX_LIBRARY = "libc++";
				CLANG_ENABLE_MODULES = YES;
				CLANG_ENABLE_OBJC_ARC = YES;
				CLANG_WARN_BLOCK_CAPTURE_AUTORELEASING = YES;
				CLANG_WARN_BOOL_CONVERSION = YES;
				CLANG_WARN_COMMA = YES;
				CLANG_WARN_CONSTANT_CONVERSION = YES;
				CLANG_WARN_DIRECT_OBJC_ISA_USAGE = YES_ERROR;
				CLANG_WARN_DOCUMENTATION_COMMENTS = YES;
				CLANG_WARN_EMPTY_BODY = YES;
				CLANG_WARN_ENUM_CONVERSION = YES;
				CLANG_WARN_INFINITE_RECURSION = YES;
				CLANG_WARN_INT_CONVERSION = YES;
				CLANG_WARN_NON_LITERAL_NULL_CONVERSION = YES;
				CLANG_WARN_OBJC_LITERAL_CONVERSION = YES;
				CLANG_WARN_OBJC_ROOT_CLASS = YES_ERROR;
				CLANG_WARN_RANGE_LOOP_ANALYSIS = YES;
				CLANG_WARN_STRICT_PROTOTYPES = YES;
				CLANG_WARN_SUSPICIOUS_MOVE = YES;
				CLANG_WARN_UNREACHABLE_CODE = YES;
				CLANG_WARN__DUPLICATE_METHOD_MATCH = YES;
				"CODE_SIGN_IDENTITY[sdk=iphoneos*]" = "iPhone Developer";
				COPY_PHASE_STRIP = NO;
				DEBUG_INFORMATION_FORMAT = "dwarf-with-dsym";
				ENABLE_NS_ASSERTIONS = NO;
				ENABLE_STRICT_OBJC_MSGSEND = YES;
				GCC_C_LANGUAGE_STANDARD = gnu99;
				GCC_NO_COMMON_BLOCKS = YES;
				GCC_WARN_64_TO_32_BIT_CONVERSION = YES;
				GCC_WARN_ABOUT_RETURN_TYPE = YES_ERROR;
				GCC_WARN_UNDECLARED_SELECTOR = YES;
				GCC_WARN_UNINITIALIZED_AUTOS = YES_AGGRESSIVE;
				GCC_WARN_UNUSED_FUNCTION = YES;
				GCC_WARN_UNUSED_VARIABLE = YES;
				IPHONEOS_DEPLOYMENT_TARGET = 10.2;
				MTL_ENABLE_DEBUG_INFO = NO;
				SDKROOT = iphoneos;
				SWIFT_OPTIMIZATION_LEVEL = "-Owholemodule";
				TARGETED_DEVICE_FAMILY = "1,2";
				VALIDATE_PRODUCT = YES;
			};
			name = Release;
		};
		32350FDC1E36936200AEB1C1 /* Debug */ = {
			isa = XCBuildConfiguration;
			baseConfigurationReference = E521D472E10FF26B68C0495A /* Pods-LANScan.debug.xcconfig */;
			buildSettings = {
				ASSETCATALOG_COMPILER_APPICON_NAME = AppIcon;
				CLANG_ENABLE_MODULES = YES;
				DEVELOPMENT_TEAM = Y7K9K4R5AQ;
				INFOPLIST_FILE = LANScan/Info.plist;
				IPHONEOS_DEPLOYMENT_TARGET = 9.0;
				LD_RUNPATH_SEARCH_PATHS = "$(inherited) @executable_path/Frameworks";
				PRODUCT_BUNDLE_IDENTIFIER = com.ville.LANScan;
				PRODUCT_NAME = "$(TARGET_NAME)";
				SWIFT_OBJC_BRIDGING_HEADER = "LANScan/LANScan-Bridging-Header.h";
				SWIFT_OPTIMIZATION_LEVEL = "-Onone";
				SWIFT_SWIFT3_OBJC_INFERENCE = On;
				SWIFT_VERSION = 4.0;
			};
			name = Debug;
		};
		32350FDD1E36936200AEB1C1 /* Release */ = {
			isa = XCBuildConfiguration;
			baseConfigurationReference = 4CEBB13C923ECADA6ED046B2 /* Pods-LANScan.release.xcconfig */;
			buildSettings = {
				ASSETCATALOG_COMPILER_APPICON_NAME = AppIcon;
				CLANG_ENABLE_MODULES = YES;
				DEVELOPMENT_TEAM = Y7K9K4R5AQ;
				INFOPLIST_FILE = LANScan/Info.plist;
				IPHONEOS_DEPLOYMENT_TARGET = 9.0;
				LD_RUNPATH_SEARCH_PATHS = "$(inherited) @executable_path/Frameworks";
				PRODUCT_BUNDLE_IDENTIFIER = com.ville.LANScan;
				PRODUCT_NAME = "$(TARGET_NAME)";
				SWIFT_OBJC_BRIDGING_HEADER = "LANScan/LANScan-Bridging-Header.h";
				SWIFT_SWIFT3_OBJC_INFERENCE = On;
				SWIFT_VERSION = 4.0;
			};
			name = Release;
		};
		32350FDF1E36936200AEB1C1 /* Debug */ = {
			isa = XCBuildConfiguration;
			baseConfigurationReference = 2F395F1AF363BFA58C05E4DA /* Pods-LANScanTests.debug.xcconfig */;
			buildSettings = {
				ALWAYS_EMBED_SWIFT_STANDARD_LIBRARIES = YES;
				BUNDLE_LOADER = "$(TEST_HOST)";
				DEVELOPMENT_TEAM = Y7K9K4R5AQ;
				INFOPLIST_FILE = LANScanTests/Info.plist;
				LD_RUNPATH_SEARCH_PATHS = "$(inherited) @executable_path/Frameworks @loader_path/Frameworks";
				PRODUCT_BUNDLE_IDENTIFIER = com.ville.LANScanTests;
				PRODUCT_NAME = "$(TARGET_NAME)";
				SWIFT_SWIFT3_OBJC_INFERENCE = On;
				SWIFT_VERSION = 4.0;
				TEST_HOST = "$(BUILT_PRODUCTS_DIR)/LANScan.app/LANScan";
			};
			name = Debug;
		};
		32350FE01E36936200AEB1C1 /* Release */ = {
			isa = XCBuildConfiguration;
			baseConfigurationReference = BEC25BB06EF4212C450470FD /* Pods-LANScanTests.release.xcconfig */;
			buildSettings = {
				ALWAYS_EMBED_SWIFT_STANDARD_LIBRARIES = YES;
				BUNDLE_LOADER = "$(TEST_HOST)";
				DEVELOPMENT_TEAM = Y7K9K4R5AQ;
				INFOPLIST_FILE = LANScanTests/Info.plist;
				LD_RUNPATH_SEARCH_PATHS = "$(inherited) @executable_path/Frameworks @loader_path/Frameworks";
				PRODUCT_BUNDLE_IDENTIFIER = com.ville.LANScanTests;
				PRODUCT_NAME = "$(TARGET_NAME)";
				SWIFT_SWIFT3_OBJC_INFERENCE = On;
				SWIFT_VERSION = 4.0;
				TEST_HOST = "$(BUILT_PRODUCTS_DIR)/LANScan.app/LANScan";
			};
			name = Release;
		};
/* End XCBuildConfiguration section */

/* Begin XCConfigurationList section */
		32350FB91E36936200AEB1C1 /* Build configuration list for PBXProject "LANScan" */ = {
			isa = XCConfigurationList;
			buildConfigurations = (
				32350FD91E36936200AEB1C1 /* Debug */,
				32350FDA1E36936200AEB1C1 /* Release */,
			);
			defaultConfigurationIsVisible = 0;
			defaultConfigurationName = Release;
		};
		32350FDB1E36936200AEB1C1 /* Build configuration list for PBXNativeTarget "LANScan" */ = {
			isa = XCConfigurationList;
			buildConfigurations = (
				32350FDC1E36936200AEB1C1 /* Debug */,
				32350FDD1E36936200AEB1C1 /* Release */,
			);
			defaultConfigurationIsVisible = 0;
			defaultConfigurationName = Release;
		};
		32350FDE1E36936200AEB1C1 /* Build configuration list for PBXNativeTarget "LANScanTests" */ = {
			isa = XCConfigurationList;
			buildConfigurations = (
				32350FDF1E36936200AEB1C1 /* Debug */,
				32350FE01E36936200AEB1C1 /* Release */,
			);
			defaultConfigurationIsVisible = 0;
			defaultConfigurationName = Release;
		};
/* End XCConfigurationList section */
	};
	rootObject = 32350FB61E36936200AEB1C1 /* Project object */;
}
